<Solution>
  <Folder Name="/Tests/">
    <Project Path="AcceptanceTests\NServiceBus.Transport.IbmMq.AcceptanceTests.csproj" />
    <Project Path="Tests/NServiceBus.Transport.IbmMq.Tests.csproj" />
    <Project Path="TransportTests/NServiceBus.Transport.IbmMq.TransportTests.csproj" />
  </Folder>
  <Project Path="Transport/NServiceBus.Transport.IbmMq.csproj" />
  <Project Path="CommandLine/NServiceBus.Transport.IbmMq.CommandLine.csproj" />
</Solution>
