<Solution>
  <Folder Name="/Tests/">
    <Project Path="NServiceBus.Transport.IbmMq.AcceptanceTests.Flat/NServiceBus.Transport.IbmMq.AcceptanceTests.Flat.csproj" />
    <Project Path="NServiceBus.Transport.IbmMq.Tests/NServiceBus.Transport.IbmMq.Tests.csproj" />
    <Project Path="NServiceBus.Transport.IbmMq.TransportTests/NServiceBus.Transport.IbmMq.TransportTests.csproj" />
  </Folder>
  <Project Path="NServiceBus.Transport.IbmMq/NServiceBus.Transport.IbmMq.csproj" />
</Solution>
